
Microsoft Visual Studio Solution File, Format Version 12.00
# Visual Studio Version 17
VisualStudioVersion = 17.11.35303.130
MinimumVisualStudioVersion = 10.0.40219.1
Project("{FAE04EC0-301F-11D3-BF4B-00C04F79EFBC}") = "ShoppingSystem", "ShoppingSystem.csproj", "{87AFC1A1-0F48-49A8-B876-E81A61AD815B}"
EndProject
Global
	GlobalSection(SolutionConfigurationPlatforms) = preSolution
		Debug|Any CPU = Debug|Any CPU
		Release|Any CPU = Release|Any CPU
	EndGlobalSection
	GlobalSection(ProjectConfigurationPlatforms) = postSolution
		{87AFC1A1-0F48-49A8-B876-E81A61AD815B}.Debug|Any CPU.ActiveCfg = Debug|Any CPU
		{87AFC1A1-0F48-49A8-B876-E81A61AD815B}.Debug|Any CPU.Build.0 = Debug|Any CPU
		{87AFC1A1-0F48-49A8-B876-E81A61AD815B}.Release|Any CPU.ActiveCfg = Release|Any CPU
		{87AFC1A1-0F48-49A8-B876-E81A61AD815B}.Release|Any CPU.Build.0 = Release|Any CPU
	EndGlobalSection
	GlobalSection(SolutionProperties) = preSolution
		HideSolutionNode = FALSE
	EndGlobalSection
	GlobalSection(ExtensibilityGlobals) = postSolution
		SolutionGuid = {35E2C569-9A98-47CB-B86B-66CEC4648559}
	EndGlobalSection
EndGlobal
